
Microsoft Visual Studio Solution File, Format Version 12.00
# Visual Studio 15
Project("{FAE04EC0-301F-11D3-BF4B-00C04F79EFBC}") = "Fusion.Unity.Editor", "Fusion.Unity.Editor.csproj", "{E3DBF24D-D995-E79A-4089-105CC6572EF4}"
EndProject
Project("{FAE04EC0-301F-11D3-BF4B-00C04F79EFBC}") = "Assembly-CSharp", "Assembly-CSharp.csproj", "{1C736126-CFC1-CDF2-2838-39EDE15F2DA9}"
EndProject
Project("{FAE04EC0-301F-11D3-BF4B-00C04F79EFBC}") = "Fusion.Unity", "Fusion.Unity.csproj", "{DBEC8F39-D50F-B285-3803-73DA2EB9EBB1}"
EndProject
Project("{FAE04EC0-301F-11D3-BF4B-00C04F79EFBC}") = "Assembly-CSharp-firstpass", "Assembly-CSharp-firstpass.csproj", "{82B36900-71EB-C8E5-3F78-B317F635D3FD}"
EndProject
Project("{FAE04EC0-301F-11D3-BF4B-00C04F79EFBC}") = "Assembly-CSharp-Editor-firstpass", "Assembly-CSharp-Editor-firstpass.csproj", "{70911904-706D-3EEA-6CDB-CBF5978B4C26}"
EndProject
Project("{FAE04EC0-301F-11D3-BF4B-00C04F79EFBC}") = "Unity.Fusion.CodeGen", "Unity.Fusion.CodeGen.csproj", "{EAD22F32-CEF9-0C77-C7A9-C13D34EE60DD}"
EndProject
Global
	GlobalSection(SolutionConfigurationPlatforms) = preSolution
		Debug|Any CPU = Debug|Any CPU
		Release|Any CPU = Release|Any CPU
	EndGlobalSection
	GlobalSection(ProjectConfigurationPlatforms) = postSolution
		{E3DBF24D-D995-E79A-4089-105CC6572EF4}.Debug|Any CPU.ActiveCfg = Debug|Any CPU
		{E3DBF24D-D995-E79A-4089-105CC6572EF4}.Debug|Any CPU.Build.0 = Debug|Any CPU
		{E3DBF24D-D995-E79A-4089-105CC6572EF4}.Release|Any CPU.ActiveCfg = Release|Any CPU
		{E3DBF24D-D995-E79A-4089-105CC6572EF4}.Release|Any CPU.Build.0 = Release|Any CPU
		{1C736126-CFC1-CDF2-2838-39EDE15F2DA9}.Debug|Any CPU.ActiveCfg = Debug|Any CPU
		{1C736126-CFC1-CDF2-2838-39EDE15F2DA9}.Debug|Any CPU.Build.0 = Debug|Any CPU
		{1C736126-CFC1-CDF2-2838-39EDE15F2DA9}.Release|Any CPU.ActiveCfg = Release|Any CPU
		{1C736126-CFC1-CDF2-2838-39EDE15F2DA9}.Release|Any CPU.Build.0 = Release|Any CPU
		{DBEC8F39-D50F-B285-3803-73DA2EB9EBB1}.Debug|Any CPU.ActiveCfg = Debug|Any CPU
		{DBEC8F39-D50F-B285-3803-73DA2EB9EBB1}.Debug|Any CPU.Build.0 = Debug|Any CPU
		{DBEC8F39-D50F-B285-3803-73DA2EB9EBB1}.Release|Any CPU.ActiveCfg = Release|Any CPU
		{DBEC8F39-D50F-B285-3803-73DA2EB9EBB1}.Release|Any CPU.Build.0 = Release|Any CPU
		{82B36900-71EB-C8E5-3F78-B317F635D3FD}.Debug|Any CPU.ActiveCfg = Debug|Any CPU
		{82B36900-71EB-C8E5-3F78-B317F635D3FD}.Debug|Any CPU.Build.0 = Debug|Any CPU
		{82B36900-71EB-C8E5-3F78-B317F635D3FD}.Release|Any CPU.ActiveCfg = Release|Any CPU
		{82B36900-71EB-C8E5-3F78-B317F635D3FD}.Release|Any CPU.Build.0 = Release|Any CPU
		{70911904-706D-3EEA-6CDB-CBF5978B4C26}.Debug|Any CPU.ActiveCfg = Debug|Any CPU
		{70911904-706D-3EEA-6CDB-CBF5978B4C26}.Debug|Any CPU.Build.0 = Debug|Any CPU
		{70911904-706D-3EEA-6CDB-CBF5978B4C26}.Release|Any CPU.ActiveCfg = Release|Any CPU
		{70911904-706D-3EEA-6CDB-CBF5978B4C26}.Release|Any CPU.Build.0 = Release|Any CPU
		{EAD22F32-CEF9-0C77-C7A9-C13D34EE60DD}.Debug|Any CPU.ActiveCfg = Debug|Any CPU
		{EAD22F32-CEF9-0C77-C7A9-C13D34EE60DD}.Debug|Any CPU.Build.0 = Debug|Any CPU
		{EAD22F32-CEF9-0C77-C7A9-C13D34EE60DD}.Release|Any CPU.ActiveCfg = Release|Any CPU
		{EAD22F32-CEF9-0C77-C7A9-C13D34EE60DD}.Release|Any CPU.Build.0 = Release|Any CPU
	EndGlobalSection
	GlobalSection(SolutionProperties) = preSolution
		HideSolutionNode = FALSE
	EndGlobalSection
EndGlobal
